
Microsoft Visual Studio Solution File, Format Version 12.00
# Visual Studio Version 17
VisualStudioVersion = 17.9.34622.214
MinimumVisualStudioVersion = 10.0.40219.1
Project("{9A19103F-16F7-4668-BE54-9A1E7A4F7556}") = "GbStoreApi.Domain", "GbStoreApi.Domain\GbStoreApi.Domain.csproj", "{EE51CA9D-27F8-4755-AF23-39CF1D65E8ED}"
EndProject
Project("{9A19103F-16F7-4668-BE54-9A1E7A4F7556}") = "GbStoreApi.Application", "GbStoreApi.Application\GbStoreApi.Application.csproj", "{2116A085-71EE-4E2A-A394-DCA405996E56}"
EndProject
Project("{9A19103F-16F7-4668-BE54-9A1E7A4F7556}") = "GbStoreApi.Data", "GbStoreApi.Data\GbStoreApi.Data.csproj", "{B6FDB28B-E248-40B9-9DC1-AA4B9574D0ED}"
EndProject
Project("{9A19103F-16F7-4668-BE54-9A1E7A4F7556}") = "GbStoreApi.WebApi", "GbStoreApi.WebApi\GbStoreApi.WebApi.csproj", "{7ABDD0FA-F049-4896-A7BF-52FEA47E5837}"
EndProject
Global
	GlobalSection(SolutionConfigurationPlatforms) = preSolution
		Debug|Any CPU = Debug|Any CPU
		Release|Any CPU = Release|Any CPU
	EndGlobalSection
	GlobalSection(ProjectConfigurationPlatforms) = postSolution
		{EE51CA9D-27F8-4755-AF23-39CF1D65E8ED}.Debug|Any CPU.ActiveCfg = Debug|Any CPU
		{EE51CA9D-27F8-4755-AF23-39CF1D65E8ED}.Debug|Any CPU.Build.0 = Debug|Any CPU
		{EE51CA9D-27F8-4755-AF23-39CF1D65E8ED}.Release|Any CPU.ActiveCfg = Release|Any CPU
		{EE51CA9D-27F8-4755-AF23-39CF1D65E8ED}.Release|Any CPU.Build.0 = Release|Any CPU
		{2116A085-71EE-4E2A-A394-DCA405996E56}.Debug|Any CPU.ActiveCfg = Debug|Any CPU
		{2116A085-71EE-4E2A-A394-DCA405996E56}.Debug|Any CPU.Build.0 = Debug|Any CPU
		{2116A085-71EE-4E2A-A394-DCA405996E56}.Release|Any CPU.ActiveCfg = Release|Any CPU
		{2116A085-71EE-4E2A-A394-DCA405996E56}.Release|Any CPU.Build.0 = Release|Any CPU
		{B6FDB28B-E248-40B9-9DC1-AA4B9574D0ED}.Debug|Any CPU.ActiveCfg = Debug|Any CPU
		{B6FDB28B-E248-40B9-9DC1-AA4B9574D0ED}.Debug|Any CPU.Build.0 = Debug|Any CPU
		{B6FDB28B-E248-40B9-9DC1-AA4B9574D0ED}.Release|Any CPU.ActiveCfg = Release|Any CPU
		{B6FDB28B-E248-40B9-9DC1-AA4B9574D0ED}.Release|Any CPU.Build.0 = Release|Any CPU
		{7ABDD0FA-F049-4896-A7BF-52FEA47E5837}.Debug|Any CPU.ActiveCfg = Debug|Any CPU
		{7ABDD0FA-F049-4896-A7BF-52FEA47E5837}.Debug|Any CPU.Build.0 = Debug|Any CPU
		{7ABDD0FA-F049-4896-A7BF-52FEA47E5837}.Release|Any CPU.ActiveCfg = Release|Any CPU
		{7ABDD0FA-F049-4896-A7BF-52FEA47E5837}.Release|Any CPU.Build.0 = Release|Any CPU
	EndGlobalSection
	GlobalSection(SolutionProperties) = preSolution
		HideSolutionNode = FALSE
	EndGlobalSection
	GlobalSection(ExtensibilityGlobals) = postSolution
		SolutionGuid = {14A95986-3922-4369-90D0-EDBB4F796068}
	EndGlobalSection
EndGlobal
